
Microsoft Visual Studio Solution File, Format Version 12.00
# Visual Studio Version 17
VisualStudioVersion = 17.0.31903.59
MinimumVisualStudioVersion = 10.0.40219.1
Project("{FAE04EC0-301F-11D3-BF4B-00C04F79EFBC}") = "day01", "day01\day01.csproj", "{5B8720D5-6F23-4A73-9CE9-AF384EBF5006}"
EndProject
Project("{FAE04EC0-301F-11D3-BF4B-00C04F79EFBC}") = "day02", "day02\day02.csproj", "{1AE91332-D5EB-438A-80AD-AE7F07A5EF48}"
EndProject
Project("{FAE04EC0-301F-11D3-BF4B-00C04F79EFBC}") = "day03", "day03\day03.csproj", "{E86327F7-67A9-49E9-8A99-CF20EE1C68E2}"
EndProject
Project("{FAE04EC0-301F-11D3-BF4B-00C04F79EFBC}") = "day04", "day04\day04.csproj", "{65AA10A1-336D-4740-B775-E6455E7F7FD0}"
EndProject
Project("{FAE04EC0-301F-11D3-BF4B-00C04F79EFBC}") = "day05", "day05\day05.csproj", "{967189AF-F32B-41C7-BB86-FA3075C171B2}"
EndProject
Project("{FAE04EC0-301F-11D3-BF4B-00C04F79EFBC}") = "day06", "day06\day06.csproj", "{0CE7D808-A246-4F62-AD28-247ECC39B8BE}"
EndProject
Project("{FAE04EC0-301F-11D3-BF4B-00C04F79EFBC}") = "day07", "day07\day07.csproj", "{30D6F535-5816-48AE-8AE0-8415761D9E6C}"
EndProject
Global
	GlobalSection(SolutionConfigurationPlatforms) = preSolution
		Debug|Any CPU = Debug|Any CPU
		Release|Any CPU = Release|Any CPU
	EndGlobalSection
	GlobalSection(SolutionProperties) = preSolution
		HideSolutionNode = FALSE
	EndGlobalSection
	GlobalSection(ProjectConfigurationPlatforms) = postSolution
		{5B8720D5-6F23-4A73-9CE9-AF384EBF5006}.Debug|Any CPU.ActiveCfg = Debug|Any CPU
		{5B8720D5-6F23-4A73-9CE9-AF384EBF5006}.Debug|Any CPU.Build.0 = Debug|Any CPU
		{5B8720D5-6F23-4A73-9CE9-AF384EBF5006}.Release|Any CPU.ActiveCfg = Release|Any CPU
		{5B8720D5-6F23-4A73-9CE9-AF384EBF5006}.Release|Any CPU.Build.0 = Release|Any CPU
		{1AE91332-D5EB-438A-80AD-AE7F07A5EF48}.Debug|Any CPU.ActiveCfg = Debug|Any CPU
		{1AE91332-D5EB-438A-80AD-AE7F07A5EF48}.Debug|Any CPU.Build.0 = Debug|Any CPU
		{1AE91332-D5EB-438A-80AD-AE7F07A5EF48}.Release|Any CPU.ActiveCfg = Release|Any CPU
		{1AE91332-D5EB-438A-80AD-AE7F07A5EF48}.Release|Any CPU.Build.0 = Release|Any CPU
		{E86327F7-67A9-49E9-8A99-CF20EE1C68E2}.Debug|Any CPU.ActiveCfg = Debug|Any CPU
		{E86327F7-67A9-49E9-8A99-CF20EE1C68E2}.Debug|Any CPU.Build.0 = Debug|Any CPU
		{E86327F7-67A9-49E9-8A99-CF20EE1C68E2}.Release|Any CPU.ActiveCfg = Release|Any CPU
		{E86327F7-67A9-49E9-8A99-CF20EE1C68E2}.Release|Any CPU.Build.0 = Release|Any CPU
		{65AA10A1-336D-4740-B775-E6455E7F7FD0}.Debug|Any CPU.ActiveCfg = Debug|Any CPU
		{65AA10A1-336D-4740-B775-E6455E7F7FD0}.Debug|Any CPU.Build.0 = Debug|Any CPU
		{65AA10A1-336D-4740-B775-E6455E7F7FD0}.Release|Any CPU.ActiveCfg = Release|Any CPU
		{65AA10A1-336D-4740-B775-E6455E7F7FD0}.Release|Any CPU.Build.0 = Release|Any CPU
		{967189AF-F32B-41C7-BB86-FA3075C171B2}.Debug|Any CPU.ActiveCfg = Debug|Any CPU
		{967189AF-F32B-41C7-BB86-FA3075C171B2}.Debug|Any CPU.Build.0 = Debug|Any CPU
		{967189AF-F32B-41C7-BB86-FA3075C171B2}.Release|Any CPU.ActiveCfg = Release|Any CPU
		{967189AF-F32B-41C7-BB86-FA3075C171B2}.Release|Any CPU.Build.0 = Release|Any CPU
		{0CE7D808-A246-4F62-AD28-247ECC39B8BE}.Debug|Any CPU.ActiveCfg = Debug|Any CPU
		{0CE7D808-A246-4F62-AD28-247ECC39B8BE}.Debug|Any CPU.Build.0 = Debug|Any CPU
		{0CE7D808-A246-4F62-AD28-247ECC39B8BE}.Release|Any CPU.ActiveCfg = Release|Any CPU
		{0CE7D808-A246-4F62-AD28-247ECC39B8BE}.Release|Any CPU.Build.0 = Release|Any CPU
		{30D6F535-5816-48AE-8AE0-8415761D9E6C}.Debug|Any CPU.ActiveCfg = Debug|Any CPU
		{30D6F535-5816-48AE-8AE0-8415761D9E6C}.Debug|Any CPU.Build.0 = Debug|Any CPU
		{30D6F535-5816-48AE-8AE0-8415761D9E6C}.Release|Any CPU.ActiveCfg = Release|Any CPU
		{30D6F535-5816-48AE-8AE0-8415761D9E6C}.Release|Any CPU.Build.0 = Release|Any CPU
	EndGlobalSection
EndGlobal
